# THIS IS AN AUTOGENERATED FILE. DO NOT EDIT THIS FILE DIRECTLY.
# yarn lockfile v1


"@vant/weapp@^1.6.1":
  version "1.6.1"
  resolved "https://registry.yarnpkg.com/@vant/weapp/-/weapp-1.6.1.tgz#01c6f395c0a67f56b8caae36a551d268b1fe0605"
  integrity sha512-HkQHodqmSPB0bTILo5DnM/avkpeSBfQHo42kN4HJa504SCNIc2DoF0VrAl/CaZB+2DMrElnEnM+//vf5rENtNQ==

jsbn@^1.1.0:
  version "1.1.0"
  resolved "https://registry.yarnpkg.com/jsbn/-/jsbn-1.1.0.tgz#b01307cb29b618a1ed26ec79e911f803c4da0040"
  integrity sha1-sBMHyym2GKHtJux56RH4A8TaAEA=

miniprogram-api-typings@^3.2.0:
  version "3.2.0"
  resolved "https://registry.yarnpkg.com/miniprogram-api-typings/-/miniprogram-api-typings-3.2.0.tgz#5ba1225393167e242039e4131c343b5a688aea80"
  integrity sha512-6A4UX9nCvJolPrgqZ0MIg2+3ZuROi1ExN+JcI0/R1SLroU3R3mjsg+hRkz4RWShYsumMsqmiicP7U4yeXICxiw==

miniprogram-sm-crypto@^0.2.1:
  version "0.2.1"
  resolved "https://registry.yarnpkg.com/miniprogram-sm-crypto/-/miniprogram-sm-crypto-0.2.1.tgz#ea78175c84f4b018386aeb43a56619b26c376341"
  integrity sha512-ia2yxDK5W8XAmoK6/kv59l/RaNVOZisjkaNp5KtKO+dCW+gvVceI2v+kb7nJGIGeR4JcLNRSYC0/wG9mJQMqeA==
  dependencies:
    jsbn "^1.1.0"

vant-weapp@^0.5.28:
  version "0.5.28"
  resolved "https://registry.yarnpkg.com/vant-weapp/-/vant-weapp-0.5.28.tgz#426edb8aec5284a1a7beab1b5e9cb73e5144c41b"
  integrity sha512-GAJ2PTLuhXHWpAD5B7DdRQdkEFMdjdduuMzKkThUjIiQ63ESnaJvIEUbW3RgiUNNV7PYXwhOFOd6woR/JsTFLA==
